{
  "name": "love-story-op55",
  "version": "1.0.0",
  "lockfileVersion": 3,
  "requires": true,
  "packages": {
    "": {
      "name": "love-story-op55",
      "version": "1.0.0",
      "dependencies": {
        "@fontsource/cinzel": "^5.0.0",
        "@fontsource/cormorant-garamond": "^5.0.0",
        "@fontsource/courier-prime": "^5.3.0",
        "@fontsource/fraunces": "^5.3.0",
        "@fontsource/fusion-pixel-12px-proportional-sc": "^5.3.0",
        "@fontsource/fusion-pixel-8px-proportional-sc": "^5.3.0",
        "@fontsource/noto-serif-sc": "^5.0.0",
        "@fontsource/press-start-2p": "^5.3.0",
        "lxgw-wenkai-webfont": "^1.7.0",
        "three": "0.186.1",
        "ws": "^8.22.0"
      },
      "devDependencies": {
        "@napi-rs/canvas": "^1.0.10",
        "playwright": "^1.56.1"
      }
    },
    "node_modules/@fontsource/cinzel": {
      "version": "5.3.0",
      "resolved": "https://registry.npmjs.org/@fontsource/cinzel/-/cinzel-5.3.0.tgz",
      "integrity": "sha512-KEOYTsrRppW0uRIPWBDPrQgunCS6f8u4nzZxYRBfo9SCknKojLYjK7B0ZoVmJhyVLefz271ZQRF9EOpHZlfhRw==",
      "license": "OFL-1.1",
      "funding": {
        "url": "https://github.com/sponsors/ayuhito"
      }
    },
    "node_modules/@fontsource/cormorant-garamond": {
      "version": "5.3.0",
      "resolved": "https://registry.npmjs.org/@fontsource/cormorant-garamond/-/cormorant-garamond-5.3.0.tgz",
      "integrity": "sha512-weuGsCirGVWBWqpt6YUp0yLThTe4G8YO45noq8wxeJCRvEpq5lFrxNMFSTxcyOyV5k5otzJ8guDzYegdYlcLMQ==",
      "license": "OFL-1.1",
      "funding": {
        "url": "https://github.com/sponsors/ayuhito"
      }
    },
    "node_modules/@fontsource/courier-prime": {
      "version": "5.3.0",
      "resolved": "https://registry.npmjs.org/@fontsource/courier-prime/-/courier-prime-5.3.0.tgz",
      "integrity": "sha512-KIi1k4VG1Wv+/CGpb1AUpLkUuOAQA6zmvthqxOZGN0AV8BEgQgbK7qAtquv14zsBJAY1bb5BHIEbWVFLgENh0w==",
      "license": "OFL-1.1",
      "funding": {
        "url": "https://github.com/sponsors/ayuhito"
      }
    },
    "node_modules/@fontsource/fraunces": {
      "version": "5.3.0",
      "resolved": "https://registry.npmjs.org/@fontsource/fraunces/-/fraunces-5.3.0.tgz",
      "integrity": "sha512-LEHTOBiZufQzAvnAe2rZ8ZknbDS28Q9kzwb0L+gZJEmjLGr8hhZ/5NuHXwDuHBWhVXYoiGGXmrb0H6Ko/RrHTg==",
      "license": "OFL-1.1",
      "funding": {
        "url": "https://github.com/sponsors/ayuhito"
      }
    },
    "node_modules/@fontsource/fusion-pixel-12px-proportional-sc": {
      "version": "5.3.0",
      "resolved": "https://registry.npmjs.org/@fontsource/fusion-pixel-12px-proportional-sc/-/fusion-pixel-12px-proportional-sc-5.3.0.tgz",
      "integrity": "sha512-PDgfCunZbVgPM5/HSaP29KjQaxLUsVAng6urpSQXww87e9AOfA7j/PDzWYO/Q8yhPyaw6oUGh5s2eGln1HSgPw==",
      "license": "OFL-1.1",
      "funding": {
        "url": "https://github.com/sponsors/ayuhito"
      }
    },
    "node_modules/@fontsource/fusion-pixel-8px-proportional-sc": {
      "version": "5.3.0",
      "resolved": "https://registry.npmjs.org/@fontsource/fusion-pixel-8px-proportional-sc/-/fusion-pixel-8px-proportional-sc-5.3.0.tgz",
      "integrity": "sha512-IK2RKOJ5lOu6IPK9BUzrUTPEMPVqxN8cUWLCqxQ3xl4AS3dx6HsZh8/6tRqNjnip+rkHk894jwq8wxTDJfttLg==",
      "license": "OFL-1.1",
      "funding": {
        "url": "https://github.com/sponsors/ayuhito"
      }
    },
    "node_modules/@fontsource/noto-serif-sc": {
      "version": "5.3.0",
      "resolved": "https://registry.npmjs.org/@fontsource/noto-serif-sc/-/noto-serif-sc-5.3.0.tgz",
      "integrity": "sha512-0/zaEFkidiWldE62rTeD74x8ygUsQvejiSNtO0LQxQk3qpaHnlMZ3w4C7yH80B4KTIg8VKeFP4oSgwWMchY9+g==",
      "license": "OFL-1.1",
      "funding": {
        "url": "https://github.com/sponsors/ayuhito"
      }
    },
    "node_modules/@fontsource/press-start-2p": {
      "version": "5.3.0",
      "resolved": "https://registry.npmjs.org/@fontsource/press-start-2p/-/press-start-2p-5.3.0.tgz",
      "integrity": "sha512-gxWFxdeDglPhEYSwEeooomcaFK8kSQYLQwVxfnOJeYRj2sPEHXjpVtFgEaYfqzOjuAJGrIcJOipu2KY5YkbyuQ==",
      "license": "OFL-1.1",
      "funding": {
        "url": "https://github.com/sponsors/ayuhito"
      }
    },
    "node_modules/@napi-rs/canvas": {
      "version": "1.0.10",
      "resolved": "https://registry.npmjs.org/@napi-rs/canvas/-/canvas-1.0.10.tgz",
      "integrity": "sha512-V+qptzsGnPMFxEbhwc6eDNMe5eDrfiBIp8qGpuRjAVIX4Kn2zxvwQ1Xco6Fwe+3tYIe3iLW8LM9D+SvjyJhqbQ==",
      "dev": true,
      "license": "MIT",
      "workspaces": [
        "e2e/*"
      ],
      "engines": {
        "node": ">= 10"
      },
      "funding": {
        "type": "github",
        "url": "https://github.com/sponsors/Brooooooklyn"
      },
      "optionalDependencies": {
        "@napi-rs/canvas-android-arm64": "1.0.10",
        "@napi-rs/canvas-darwin-arm64": "1.0.10",
        "@napi-rs/canvas-darwin-x64": "1.0.10",
        "@napi-rs/canvas-linux-arm-gnueabihf": "1.0.10",
        "@napi-rs/canvas-linux-arm64-gnu": "1.0.10",
        "@napi-rs/canvas-linux-arm64-musl": "1.0.10",
        "@napi-rs/canvas-linux-riscv64-gnu": "1.0.10",
        "@napi-rs/canvas-linux-x64-gnu": "1.0.10",
        "@napi-rs/canvas-linux-x64-musl": "1.0.10",
        "@napi-rs/canvas-win32-arm64-msvc": "1.0.10",
        "@napi-rs/canvas-win32-x64-msvc": "1.0.10"
      }
    },
    "node_modules/@napi-rs/canvas-android-arm64": {
      "version": "1.0.10",
      "resolved": "https://registry.npmjs.org/@napi-rs/canvas-android-arm64/-/canvas-android-arm64-1.0.10.tgz",
      "integrity": "sha512-0sDMvme+7fj6bHERUaBs5SvEyWaORc91VUkaB4RrtG7p6dBrBNGy1of8cyEKDxygd1FlHtW+Thunj8lSixzY7A==",
      "cpu": [
        "arm64"
      ],
      "dev": true,
      "license": "MIT",
      "optional": true,
      "os": [
        "android"
      ],
      "engines": {
        "node": ">= 10"
      },
      "funding": {
        "type": "github",
        "url": "https://github.com/sponsors/Brooooooklyn"
      }
    },
    "node_modules/@napi-rs/canvas-darwin-arm64": {
      "version": "1.0.10",
      "resolved": "https://registry.npmjs.org/@napi-rs/canvas-darwin-arm64/-/canvas-darwin-arm64-1.0.10.tgz",
      "integrity": "sha512-pdHL1TEfFMrnchRYqmPWXKN7hR4XtOYmzJqnh4XhpfWD4/eeSokOGVzrdFP/iQ3sfr2rf0939gOGq9uCp8BGmg==",
      "cpu": [
        "arm64"
      ],
      "dev": true,
      "license": "MIT",
      "optional": true,
      "os": [
        "darwin"
      ],
      "engines": {
        "node": ">= 10"
      },
      "funding": {
        "type": "github",
        "url": "https://github.com/sponsors/Brooooooklyn"
      }
    },
    "node_modules/@napi-rs/canvas-darwin-x64": {
      "version": "1.0.10",
      "resolved": "https://registry.npmjs.org/@napi-rs/canvas-darwin-x64/-/canvas-darwin-x64-1.0.10.tgz",
      "integrity": "sha512-iuuk5plGxAcxurxv2ycF2yR20y5zvaBZ4heQdhPpg3EMFD21PhlY1V+YwSRmYRWzbvKL474UYdw3WIg2qfafyw==",
      "cpu": [
        "x64"
      ],
      "dev": true,
      "license": "MIT",
      "optional": true,
      "os": [
        "darwin"
      ],
      "engines": {
        "node": ">= 10"
      },
      "funding": {
        "type": "github",
        "url": "https://github.com/sponsors/Brooooooklyn"
      }
    },
    "node_modules/@napi-rs/canvas-linux-arm-gnueabihf": {
      "version": "1.0.10",
      "resolved": "https://registry.npmjs.org/@napi-rs/canvas-linux-arm-gnueabihf/-/canvas-linux-arm-gnueabihf-1.0.10.tgz",
      "integrity": "sha512-kH7GFR5Unpm77pKSEsmkqvzeQCRD7/MQ7upmeLLjg4XpQ62dX/R6THFsp6vkF1Pkco2aKUq9KhoLM4W5twdk7g==",
      "cpu": [
        "arm"
      ],
      "dev": true,
      "license": "MIT",
      "optional": true,
      "os": [
        "linux"
      ],
      "engines": {
        "node": ">= 10"
      },
      "funding": {
        "type": "github",
        "url": "https://github.com/sponsors/Brooooooklyn"
      }
    },
    "node_modules/@napi-rs/canvas-linux-arm64-gnu": {
      "version": "1.0.10",
      "resolved": "https://registry.npmjs.org/@napi-rs/canvas-linux-arm64-gnu/-/canvas-linux-arm64-gnu-1.0.10.tgz",
      "integrity": "sha512-0/Hj7IwM9pmzdwxiqkp4YLJ8dKqASBrWQ3Y7dWUSU/4dgvCL9O6YNvX7xVUJjonQvdD3IE9ESS/nXa5srQqoVw==",
      "cpu": [
        "arm64"
      ],
      "dev": true,
      "license": "MIT",
      "optional": true,
      "os": [
        "linux"
      ],
      "engines": {
        "node": ">= 10"
      },
      "funding": {
        "type": "github",
        "url": "https://github.com/sponsors/Brooooooklyn"
      }
    },
    "node_modules/@napi-rs/canvas-linux-arm64-musl": {
      "version": "1.0.10",
      "resolved": "https://registry.npmjs.org/@napi-rs/canvas-linux-arm64-musl/-/canvas-linux-arm64-musl-1.0.10.tgz",
      "integrity": "sha512-fmjKM0P2MLF9O6XzCQsRjhB+jlLzaf6tFQU36hMPMsYup+VThYvpjjhqNLOc/Ee3tHUE3r13H2BSJx/yXz4pFA==",
      "cpu": [
        "arm64"
      ],
      "dev": true,
      "license": "MIT",
      "optional": true,
      "os": [
        "linux"
      ],
      "engines": {
        "node": ">= 10"
      },
      "funding": {
        "type": "github",
        "url": "https://github.com/sponsors/Brooooooklyn"
      }
    },
    "node_modules/@napi-rs/canvas-linux-riscv64-gnu": {
      "version": "1.0.10",
      "resolved": "https://registry.npmjs.org/@napi-rs/canvas-linux-riscv64-gnu/-/canvas-linux-riscv64-gnu-1.0.10.tgz",
      "integrity": "sha512-O/BUrGwrs3pVP9PpD/3++ZiOpjHMJlmiB7aBgswP8rbe4egPfiFkFxmcCczoLvZa72TaQX5lJ8Udedb6rc/Hvg==",
      "cpu": [
        "riscv64"
      ],
      "dev": true,
      "license": "MIT",
      "optional": true,
      "os": [
        "linux"
      ],
      "engines": {
        "node": ">= 10"
      },
      "funding": {
        "type": "github",
        "url": "https://github.com/sponsors/Brooooooklyn"
      }
    },
    "node_modules/@napi-rs/canvas-linux-x64-gnu": {
      "version": "1.0.10",
      "resolved": "https://registry.npmjs.org/@napi-rs/canvas-linux-x64-gnu/-/canvas-linux-x64-gnu-1.0.10.tgz",
      "integrity": "sha512-48HkZPQeAN/R+9NPpY64tceoyCUW5xYYtHKZnC+BG11qiihXJCbH+xfbgGU+OdYp1Q4s84HDl9ILU0KBK6SBOQ==",
      "cpu": [
        "x64"
      ],
      "dev": true,
      "license": "MIT",
      "optional": true,
      "os": [
        "linux"
      ],
      "engines": {
        "node": ">= 10"
      },
      "funding": {
        "type": "github",
        "url": "https://github.com/sponsors/Brooooooklyn"
      }
    },
    "node_modules/@napi-rs/canvas-linux-x64-musl": {
      "version": "1.0.10",
      "resolved": "https://registry.npmjs.org/@napi-rs/canvas-linux-x64-musl/-/canvas-linux-x64-musl-1.0.10.tgz",
      "integrity": "sha512-QYHVi7WZ9v+Wm9OQyHLMTnJ8QiBPVX94BgbCHFJC/4bCFMfvX7fRzo4FJPgkRP0ISz3ulYNow/FCbQOPjzhYjg==",
      "cpu": [
        "x64"
      ],
      "dev": true,
      "license": "MIT",
      "optional": true,
      "os": [
        "linux"
      ],
      "engines": {
        "node": ">= 10"
      },
      "funding": {
        "type": "github",
        "url": "https://github.com/sponsors/Brooooooklyn"
      }
    },
    "node_modules/@napi-rs/canvas-win32-arm64-msvc": {
      "version": "1.0.10",
      "resolved": "https://registry.npmjs.org/@napi-rs/canvas-win32-arm64-msvc/-/canvas-win32-arm64-msvc-1.0.10.tgz",
      "integrity": "sha512-bWK+YajM/8sL0mMgLtug2s063FVBPzFV4QAn987CQomMKlmzrBY6Trz43KY+24hq7IOa3qNhUAgP/XMEF50ZEQ==",
      "cpu": [
        "arm64"
      ],
      "dev": true,
      "license": "MIT",
      "optional": true,
      "os": [
        "win32"
      ],
      "engines": {
        "node": ">= 10"
      },
      "funding": {
        "type": "github",
        "url": "https://github.com/sponsors/Brooooooklyn"
      }
    },
    "node_modules/@napi-rs/canvas-win32-x64-msvc": {
      "version": "1.0.10",
      "resolved": "https://registry.npmjs.org/@napi-rs/canvas-win32-x64-msvc/-/canvas-win32-x64-msvc-1.0.10.tgz",
      "integrity": "sha512-9WtzW85PaIhtB27iXaR/9RrLCqHLbqD3Z8Q+kh17NjFxwQXFXU5vWbYH4vEH+drM307TTyK3hidZgpt09G5T3g==",
      "cpu": [
        "x64"
      ],
      "dev": true,
      "license": "MIT",
      "optional": true,
      "os": [
        "win32"
      ],
      "engines": {
        "node": ">= 10"
      },
      "funding": {
        "type": "github",
        "url": "https://github.com/sponsors/Brooooooklyn"
      }
    },
    "node_modules/fsevents": {
      "version": "2.3.2",
      "resolved": "https://registry.npmjs.org/fsevents/-/fsevents-2.3.2.tgz",
      "integrity": "sha512-xiqMQR4xAeHTuB9uWm+fFRcIOgKBMiOBP+eXiyT7jsgVCq1bkVygt00oASowB7EdtpOHaaPgKt812P9ab+DDKA==",
      "dev": true,
      "hasInstallScript": true,
      "license": "MIT",
      "optional": true,
      "os": [
        "darwin"
      ],
      "engines": {
        "node": "^8.16.0 || ^10.6.0 || >=11.0.0"
      }
    },
    "node_modules/lxgw-wenkai-webfont": {
      "version": "1.7.0",
      "resolved": "https://registry.npmjs.org/lxgw-wenkai-webfont/-/lxgw-wenkai-webfont-1.7.0.tgz",
      "integrity": "sha512-kVJmT4xMAyOLhG6q0w63wJkVU7RP8UMQRGoAWj9tnpzL7sWFFYiEHBdUQyW9myqBQFa5SQfWfa2VLYF4IJBL5g==",
      "license": "MIT"
    },
    "node_modules/playwright": {
      "version": "1.56.1",
      "resolved": "https://registry.npmjs.org/playwright/-/playwright-1.56.1.tgz",
      "integrity": "sha512-aFi5B0WovBHTEvpM3DzXTUaeN6eN0qWnTkKx4NQaH4Wvcmc153PdaY2UBdSYKaGYw+UyWXSVyxDUg5DoPEttjw==",
      "dev": true,
      "license": "Apache-2.0",
      "dependencies": {
        "playwright-core": "1.56.1"
      },
      "bin": {
        "playwright": "cli.js"
      },
      "engines": {
        "node": ">=18"
      },
      "optionalDependencies": {
        "fsevents": "2.3.2"
      }
    },
    "node_modules/playwright-core": {
      "version": "1.56.1",
      "resolved": "https://registry.npmjs.org/playwright-core/-/playwright-core-1.56.1.tgz",
      "integrity": "sha512-hutraynyn31F+Bifme+Ps9Vq59hKuUCz7H1kDOcBs+2oGguKkWTU50bBWrtz34OUWmIwpBTWDxaRPXrIXkgvmQ==",
      "dev": true,
      "license": "Apache-2.0",
      "bin": {
        "playwright-core": "cli.js"
      },
      "engines": {
        "node": ">=18"
      }
    },
    "node_modules/three": {
      "version": "0.186.1",
      "resolved": "https://registry.npmjs.org/three/-/three-0.186.1.tgz",
      "integrity": "sha512-blFeqb49wRCSGUGj7gtpfnSGHy2lwDk94RhUmS1c/hTby70kvChbWpkJ4Pm1390LqzzvTmzgXKHPEafJwCb8jA==",
      "license": "MIT"
    },
    "node_modules/ws": {
      "version": "8.22.0",
      "resolved": "https://registry.npmjs.org/ws/-/ws-8.22.0.tgz",
      "integrity": "sha512-Ydggc987+RO0AnWtZ/7Wq9FtNvcrL1b/RO0ud9mWjUPgDrsAAwQSF51sm2hm1XofbU/4jkpGEsLFsZZxU+1DOg==",
      "license": "MIT",
      "engines": {
        "node": ">=10.0.0"
      },
      "peerDependencies": {
        "bufferutil": "^4.0.1",
        "utf-8-validate": ">=5.0.2"
      },
      "peerDependenciesMeta": {
        "bufferutil": {
          "optional": true
        },
        "utf-8-validate": {
          "optional": true
        }
      }
    }
  }
}
